
Microsoft Visual Studio Solution File, Format Version 11.00
# Visual Studio 2010
Project("{FAE04EC0-301F-11D3-BF4B-00C04F79EFBC}") = "UnityEngine.UI", "UnityEngine.UI.csproj", "{14a9e528-53e7-397f-deed-a147eef2c4b8}"
EndProject
Project("{FAE04EC0-301F-11D3-BF4B-00C04F79EFBC}") = "Assembly-CSharp", "Assembly-CSharp.csproj", "{8fedd016-8a32-f6f3-2872-7fdca60c2a63}"
EndProject
Project("{FAE04EC0-301F-11D3-BF4B-00C04F79EFBC}") = "UnityEngine.TestRunner", "UnityEngine.TestRunner.csproj", "{b8c70d20-d744-fa40-8228-7d56007afdbb}"
EndProject
Project("{FAE04EC0-301F-11D3-BF4B-00C04F79EFBC}") = "Unity.VisualScripting.Flow", "Unity.VisualScripting.Flow.csproj", "{219a322d-7211-7698-2391-24edc61d17cd}"
EndProject
Project("{FAE04EC0-301F-11D3-BF4B-00C04F79EFBC}") = "Unity.VisualScripting.State", "Unity.VisualScripting.State.csproj", "{30978c7e-73d6-736d-f799-75cc3e4b1d83}"
EndProject
Project("{FAE04EC0-301F-11D3-BF4B-00C04F79EFBC}") = "Unity.VisualScripting.Core", "Unity.VisualScripting.Core.csproj", "{8079497d-de3d-5fe6-22c8-36452864426f}"
EndProject
Project("{FAE04EC0-301F-11D3-BF4B-00C04F79EFBC}") = "PhotonUnityNetworking.Demos", "PhotonUnityNetworking.Demos.csproj", "{63d499c9-0c77-6060-36c6-4edfd5fe2661}"
EndProject
Project("{FAE04EC0-301F-11D3-BF4B-00C04F79EFBC}") = "Unity.TextMeshPro", "Unity.TextMeshPro.csproj", "{308d8ba4-9bda-5e72-485d-9f26142e8db1}"
EndProject
Project("{FAE04EC0-301F-11D3-BF4B-00C04F79EFBC}") = "Unity.Timeline", "Unity.Timeline.csproj", "{64b5e949-a576-67cb-505c-e72d44ffd38c}"
EndProject
Project("{FAE04EC0-301F-11D3-BF4B-00C04F79EFBC}") = "PhotonRealtime", "PhotonRealtime.csproj", "{84fa5539-7c0c-19ae-7eda-b51e3c5bf0a3}"
EndProject
Project("{FAE04EC0-301F-11D3-BF4B-00C04F79EFBC}") = "PhotonUnityNetworking", "PhotonUnityNetworking.csproj", "{d37bb531-2e9d-614c-b821-ccbee18a7892}"
EndProject
Project("{FAE04EC0-301F-11D3-BF4B-00C04F79EFBC}") = "PhotonUnityNetworking.Utilities", "PhotonUnityNetworking.Utilities.csproj", "{2576b05a-8d11-b591-ba90-a34b7b032541}"
EndProject
Project("{FAE04EC0-301F-11D3-BF4B-00C04F79EFBC}") = "PhotonChat", "PhotonChat.csproj", "{7b450dd7-dc1a-59e5-0534-1349db541a04}"
EndProject
Project("{FAE04EC0-301F-11D3-BF4B-00C04F79EFBC}") = "Unity.PlasticSCM.Editor", "Unity.PlasticSCM.Editor.csproj", "{86a7b01b-1486-8c1e-2efb-a77fb703a025}"
EndProject
Project("{FAE04EC0-301F-11D3-BF4B-00C04F79EFBC}") = "Unity.VisualScripting.Core.Editor", "Unity.VisualScripting.Core.Editor.csproj", "{15687ed3-6bb6-d963-f224-90342dbd8120}"
EndProject
Project("{FAE04EC0-301F-11D3-BF4B-00C04F79EFBC}") = "Unity.VisualScripting.Flow.Editor", "Unity.VisualScripting.Flow.Editor.csproj", "{9ca2b5a9-7eee-0dcf-3d0a-3bf58814a6b3}"
EndProject
Project("{FAE04EC0-301F-11D3-BF4B-00C04F79EFBC}") = "Unity.VisualStudio.Editor", "Unity.VisualStudio.Editor.csproj", "{d1bfebd5-eb95-f54c-da4d-32db39f3d1a7}"
EndProject
Project("{FAE04EC0-301F-11D3-BF4B-00C04F79EFBC}") = "PhotonUnityNetworking.Editor", "PhotonUnityNetworking.Editor.csproj", "{9e82dd50-529e-503e-3c8b-db3d11adbda4}"
EndProject
Project("{FAE04EC0-301F-11D3-BF4B-00C04F79EFBC}") = "Unity.Timeline.Editor", "Unity.Timeline.Editor.csproj", "{71182a34-b2d4-c405-588d-2ae3a43910ce}"
EndProject
Project("{FAE04EC0-301F-11D3-BF4B-00C04F79EFBC}") = "Unity.VisualScripting.State.Editor", "Unity.VisualScripting.State.Editor.csproj", "{99ad3fab-4b41-c240-5b0b-503000ad8287}"
EndProject
Project("{FAE04EC0-301F-11D3-BF4B-00C04F79EFBC}") = "Unity.TextMeshPro.Editor", "Unity.TextMeshPro.Editor.csproj", "{bbf9fb0d-1c0b-2d9c-fcb2-ef2a9756e2de}"
EndProject
Project("{FAE04EC0-301F-11D3-BF4B-00C04F79EFBC}") = "Unity.VisualScripting.SettingsProvider.Editor", "Unity.VisualScripting.SettingsProvider.Editor.csproj", "{647b43ff-7204-9038-a993-96643ac98ba8}"
EndProject
Project("{FAE04EC0-301F-11D3-BF4B-00C04F79EFBC}") = "Unity.CollabProxy.Editor", "Unity.CollabProxy.Editor.csproj", "{0528fb8b-8d56-1929-c1e1-07d9fb802a51}"
EndProject
Project("{FAE04EC0-301F-11D3-BF4B-00C04F79EFBC}") = "UnityEditor.TestRunner", "UnityEditor.TestRunner.csproj", "{359b388f-8d7a-dd1e-6aca-86ebda786ddc}"
EndProject
Project("{FAE04EC0-301F-11D3-BF4B-00C04F79EFBC}") = "Unity.TestTools.CodeCoverage.Editor", "Unity.TestTools.CodeCoverage.Editor.csproj", "{80c9577a-c57e-769d-d2c4-e1618d4cf475}"
EndProject
Project("{FAE04EC0-301F-11D3-BF4B-00C04F79EFBC}") = "Unity.Rider.Editor", "Unity.Rider.Editor.csproj", "{46ee2a4a-f01b-0157-8399-aa3ad452c0c6}"
EndProject
Project("{FAE04EC0-301F-11D3-BF4B-00C04F79EFBC}") = "Unity.Services.Core.Editor", "Unity.Services.Core.Editor.csproj", "{baeaa276-33ac-ade3-3198-8aaaea27bf93}"
EndProject
Project("{FAE04EC0-301F-11D3-BF4B-00C04F79EFBC}") = "Unity.Performance.Profile-Analyzer.Editor", "Unity.Performance.Profile-Analyzer.Editor.csproj", "{7b70a307-08da-53a4-977b-9331ef6791e1}"
EndProject
Project("{FAE04EC0-301F-11D3-BF4B-00C04F79EFBC}") = "Unity.VSCode.Editor", "Unity.VSCode.Editor.csproj", "{e8320822-8c06-e77c-7a93-427d3bb30658}"
EndProject
Project("{FAE04EC0-301F-11D3-BF4B-00C04F79EFBC}") = "UnityEditor.UI", "UnityEditor.UI.csproj", "{a66605db-b361-6637-ac17-4a689cbcfd33}"
EndProject
Project("{FAE04EC0-301F-11D3-BF4B-00C04F79EFBC}") = "Unity.TestTools.CodeCoverage.Editor.OpenCover.Model", "Unity.TestTools.CodeCoverage.Editor.OpenCover.Model.csproj", "{0b793a12-7c32-812c-d3a7-3dc6ebb16afe}"
EndProject
Project("{FAE04EC0-301F-11D3-BF4B-00C04F79EFBC}") = "Unity.EditorCoroutines.Editor", "Unity.EditorCoroutines.Editor.csproj", "{770b58c6-519e-9142-8d69-c01d7fc29495}"
EndProject
Project("{FAE04EC0-301F-11D3-BF4B-00C04F79EFBC}") = "Unity.Settings.Editor", "Unity.Settings.Editor.csproj", "{48a90331-59bb-6ca4-e913-c40b73f7c8ea}"
EndProject
Project("{FAE04EC0-301F-11D3-BF4B-00C04F79EFBC}") = "Assembly-CSharp-Editor", "Assembly-CSharp-Editor.csproj", "{3bdf7832-5ed1-b19e-11c1-9614cd59a625}"
EndProject
Project("{FAE04EC0-301F-11D3-BF4B-00C04F79EFBC}") = "PhotonUnityNetworking.Utilities.PhotonPlayer.Editor", "PhotonUnityNetworking.Utilities.PhotonPlayer.Editor.csproj", "{9d104d40-967a-aebc-729f-a9d3ee0adde4}"
EndProject
Project("{FAE04EC0-301F-11D3-BF4B-00C04F79EFBC}") = "PunDemos.DemoSlotcarEditor", "PunDemos.DemoSlotcarEditor.csproj", "{b1608086-1b82-ff1d-fd83-41dbfea44a2e}"
EndProject
Project("{FAE04EC0-301F-11D3-BF4B-00C04F79EFBC}") = "PhotonUnityNetworking.Utilities.Culling.Editor", "PhotonUnityNetworking.Utilities.Culling.Editor.csproj", "{c3b805ad-3e1b-5f81-d3f2-b58c8c63e9fb}"
EndProject
Project("{FAE04EC0-301F-11D3-BF4B-00C04F79EFBC}") = "PunDemos.DemoHubEditor", "PunDemos.DemoHubEditor.csproj", "{e69abf36-caa8-3eea-1345-2809c83f8d83}"
EndProject
Project("{FAE04EC0-301F-11D3-BF4B-00C04F79EFBC}") = "Unity.TestTools.CodeCoverage.Editor.OpenCover.Mono.Reflection", "Unity.TestTools.CodeCoverage.Editor.OpenCover.Mono.Reflection.csproj", "{89720ff3-24a0-c91d-8e0e-43757de1f078}"
EndProject
Project("{FAE04EC0-301F-11D3-BF4B-00C04F79EFBC}") = "Unity.VisualScripting.Shared.Editor", "Unity.VisualScripting.Shared.Editor.csproj", "{a649dfe2-a9cc-5851-2451-a88b155484ae}"
EndProject
Global
	GlobalSection(SolutionConfigurationPlatforms) = preSolution
		Debug|Any CPU = Debug|Any CPU
	EndGlobalSection
	GlobalSection(ProjectConfigurationPlatforms) = postSolution
		{14a9e528-53e7-397f-deed-a147eef2c4b8}.Debug|Any CPU.ActiveCfg = Debug|Any CPU
		{14a9e528-53e7-397f-deed-a147eef2c4b8}.Debug|Any CPU.Build.0 = Debug|Any CPU
		{8fedd016-8a32-f6f3-2872-7fdca60c2a63}.Debug|Any CPU.ActiveCfg = Debug|Any CPU
		{8fedd016-8a32-f6f3-2872-7fdca60c2a63}.Debug|Any CPU.Build.0 = Debug|Any CPU
		{b8c70d20-d744-fa40-8228-7d56007afdbb}.Debug|Any CPU.ActiveCfg = Debug|Any CPU
		{b8c70d20-d744-fa40-8228-7d56007afdbb}.Debug|Any CPU.Build.0 = Debug|Any CPU
		{219a322d-7211-7698-2391-24edc61d17cd}.Debug|Any CPU.ActiveCfg = Debug|Any CPU
		{219a322d-7211-7698-2391-24edc61d17cd}.Debug|Any CPU.Build.0 = Debug|Any CPU
		{30978c7e-73d6-736d-f799-75cc3e4b1d83}.Debug|Any CPU.ActiveCfg = Debug|Any CPU
		{30978c7e-73d6-736d-f799-75cc3e4b1d83}.Debug|Any CPU.Build.0 = Debug|Any CPU
		{8079497d-de3d-5fe6-22c8-36452864426f}.Debug|Any CPU.ActiveCfg = Debug|Any CPU
		{8079497d-de3d-5fe6-22c8-36452864426f}.Debug|Any CPU.Build.0 = Debug|Any CPU
		{63d499c9-0c77-6060-36c6-4edfd5fe2661}.Debug|Any CPU.ActiveCfg = Debug|Any CPU
		{63d499c9-0c77-6060-36c6-4edfd5fe2661}.Debug|Any CPU.Build.0 = Debug|Any CPU
		{308d8ba4-9bda-5e72-485d-9f26142e8db1}.Debug|Any CPU.ActiveCfg = Debug|Any CPU
		{308d8ba4-9bda-5e72-485d-9f26142e8db1}.Debug|Any CPU.Build.0 = Debug|Any CPU
		{64b5e949-a576-67cb-505c-e72d44ffd38c}.Debug|Any CPU.ActiveCfg = Debug|Any CPU
		{64b5e949-a576-67cb-505c-e72d44ffd38c}.Debug|Any CPU.Build.0 = Debug|Any CPU
		{84fa5539-7c0c-19ae-7eda-b51e3c5bf0a3}.Debug|Any CPU.ActiveCfg = Debug|Any CPU
		{84fa5539-7c0c-19ae-7eda-b51e3c5bf0a3}.Debug|Any CPU.Build.0 = Debug|Any CPU
		{d37bb531-2e9d-614c-b821-ccbee18a7892}.Debug|Any CPU.ActiveCfg = Debug|Any CPU
		{d37bb531-2e9d-614c-b821-ccbee18a7892}.Debug|Any CPU.Build.0 = Debug|Any CPU
		{2576b05a-8d11-b591-ba90-a34b7b032541}.Debug|Any CPU.ActiveCfg = Debug|Any CPU
		{2576b05a-8d11-b591-ba90-a34b7b032541}.Debug|Any CPU.Build.0 = Debug|Any CPU
		{7b450dd7-dc1a-59e5-0534-1349db541a04}.Debug|Any CPU.ActiveCfg = Debug|Any CPU
		{7b450dd7-dc1a-59e5-0534-1349db541a04}.Debug|Any CPU.Build.0 = Debug|Any CPU
		{86a7b01b-1486-8c1e-2efb-a77fb703a025}.Debug|Any CPU.ActiveCfg = Debug|Any CPU
		{86a7b01b-1486-8c1e-2efb-a77fb703a025}.Debug|Any CPU.Build.0 = Debug|Any CPU
		{15687ed3-6bb6-d963-f224-90342dbd8120}.Debug|Any CPU.ActiveCfg = Debug|Any CPU
		{15687ed3-6bb6-d963-f224-90342dbd8120}.Debug|Any CPU.Build.0 = Debug|Any CPU
		{9ca2b5a9-7eee-0dcf-3d0a-3bf58814a6b3}.Debug|Any CPU.ActiveCfg = Debug|Any CPU
		{9ca2b5a9-7eee-0dcf-3d0a-3bf58814a6b3}.Debug|Any CPU.Build.0 = Debug|Any CPU
		{d1bfebd5-eb95-f54c-da4d-32db39f3d1a7}.Debug|Any CPU.ActiveCfg = Debug|Any CPU
		{d1bfebd5-eb95-f54c-da4d-32db39f3d1a7}.Debug|Any CPU.Build.0 = Debug|Any CPU
		{9e82dd50-529e-503e-3c8b-db3d11adbda4}.Debug|Any CPU.ActiveCfg = Debug|Any CPU
		{9e82dd50-529e-503e-3c8b-db3d11adbda4}.Debug|Any CPU.Build.0 = Debug|Any CPU
		{71182a34-b2d4-c405-588d-2ae3a43910ce}.Debug|Any CPU.ActiveCfg = Debug|Any CPU
		{71182a34-b2d4-c405-588d-2ae3a43910ce}.Debug|Any CPU.Build.0 = Debug|Any CPU
		{99ad3fab-4b41-c240-5b0b-503000ad8287}.Debug|Any CPU.ActiveCfg = Debug|Any CPU
		{99ad3fab-4b41-c240-5b0b-503000ad8287}.Debug|Any CPU.Build.0 = Debug|Any CPU
		{bbf9fb0d-1c0b-2d9c-fcb2-ef2a9756e2de}.Debug|Any CPU.ActiveCfg = Debug|Any CPU
		{bbf9fb0d-1c0b-2d9c-fcb2-ef2a9756e2de}.Debug|Any CPU.Build.0 = Debug|Any CPU
		{647b43ff-7204-9038-a993-96643ac98ba8}.Debug|Any CPU.ActiveCfg = Debug|Any CPU
		{647b43ff-7204-9038-a993-96643ac98ba8}.Debug|Any CPU.Build.0 = Debug|Any CPU
		{0528fb8b-8d56-1929-c1e1-07d9fb802a51}.Debug|Any CPU.ActiveCfg = Debug|Any CPU
		{0528fb8b-8d56-1929-c1e1-07d9fb802a51}.Debug|Any CPU.Build.0 = Debug|Any CPU
		{359b388f-8d7a-dd1e-6aca-86ebda786ddc}.Debug|Any CPU.ActiveCfg = Debug|Any CPU
		{359b388f-8d7a-dd1e-6aca-86ebda786ddc}.Debug|Any CPU.Build.0 = Debug|Any CPU
		{80c9577a-c57e-769d-d2c4-e1618d4cf475}.Debug|Any CPU.ActiveCfg = Debug|Any CPU
		{80c9577a-c57e-769d-d2c4-e1618d4cf475}.Debug|Any CPU.Build.0 = Debug|Any CPU
		{46ee2a4a-f01b-0157-8399-aa3ad452c0c6}.Debug|Any CPU.ActiveCfg = Debug|Any CPU
		{46ee2a4a-f01b-0157-8399-aa3ad452c0c6}.Debug|Any CPU.Build.0 = Debug|Any CPU
		{baeaa276-33ac-ade3-3198-8aaaea27bf93}.Debug|Any CPU.ActiveCfg = Debug|Any CPU
		{baeaa276-33ac-ade3-3198-8aaaea27bf93}.Debug|Any CPU.Build.0 = Debug|Any CPU
		{7b70a307-08da-53a4-977b-9331ef6791e1}.Debug|Any CPU.ActiveCfg = Debug|Any CPU
		{7b70a307-08da-53a4-977b-9331ef6791e1}.Debug|Any CPU.Build.0 = Debug|Any CPU
		{e8320822-8c06-e77c-7a93-427d3bb30658}.Debug|Any CPU.ActiveCfg = Debug|Any CPU
		{e8320822-8c06-e77c-7a93-427d3bb30658}.Debug|Any CPU.Build.0 = Debug|Any CPU
		{a66605db-b361-6637-ac17-4a689cbcfd33}.Debug|Any CPU.ActiveCfg = Debug|Any CPU
		{a66605db-b361-6637-ac17-4a689cbcfd33}.Debug|Any CPU.Build.0 = Debug|Any CPU
		{0b793a12-7c32-812c-d3a7-3dc6ebb16afe}.Debug|Any CPU.ActiveCfg = Debug|Any CPU
		{0b793a12-7c32-812c-d3a7-3dc6ebb16afe}.Debug|Any CPU.Build.0 = Debug|Any CPU
		{770b58c6-519e-9142-8d69-c01d7fc29495}.Debug|Any CPU.ActiveCfg = Debug|Any CPU
		{770b58c6-519e-9142-8d69-c01d7fc29495}.Debug|Any CPU.Build.0 = Debug|Any CPU
		{48a90331-59bb-6ca4-e913-c40b73f7c8ea}.Debug|Any CPU.ActiveCfg = Debug|Any CPU
		{48a90331-59bb-6ca4-e913-c40b73f7c8ea}.Debug|Any CPU.Build.0 = Debug|Any CPU
		{3bdf7832-5ed1-b19e-11c1-9614cd59a625}.Debug|Any CPU.ActiveCfg = Debug|Any CPU
		{3bdf7832-5ed1-b19e-11c1-9614cd59a625}.Debug|Any CPU.Build.0 = Debug|Any CPU
		{9d104d40-967a-aebc-729f-a9d3ee0adde4}.Debug|Any CPU.ActiveCfg = Debug|Any CPU
		{9d104d40-967a-aebc-729f-a9d3ee0adde4}.Debug|Any CPU.Build.0 = Debug|Any CPU
		{b1608086-1b82-ff1d-fd83-41dbfea44a2e}.Debug|Any CPU.ActiveCfg = Debug|Any CPU
		{b1608086-1b82-ff1d-fd83-41dbfea44a2e}.Debug|Any CPU.Build.0 = Debug|Any CPU
		{c3b805ad-3e1b-5f81-d3f2-b58c8c63e9fb}.Debug|Any CPU.ActiveCfg = Debug|Any CPU
		{c3b805ad-3e1b-5f81-d3f2-b58c8c63e9fb}.Debug|Any CPU.Build.0 = Debug|Any CPU
		{e69abf36-caa8-3eea-1345-2809c83f8d83}.Debug|Any CPU.ActiveCfg = Debug|Any CPU
		{e69abf36-caa8-3eea-1345-2809c83f8d83}.Debug|Any CPU.Build.0 = Debug|Any CPU
		{89720ff3-24a0-c91d-8e0e-43757de1f078}.Debug|Any CPU.ActiveCfg = Debug|Any CPU
		{89720ff3-24a0-c91d-8e0e-43757de1f078}.Debug|Any CPU.Build.0 = Debug|Any CPU
		{a649dfe2-a9cc-5851-2451-a88b155484ae}.Debug|Any CPU.ActiveCfg = Debug|Any CPU
		{a649dfe2-a9cc-5851-2451-a88b155484ae}.Debug|Any CPU.Build.0 = Debug|Any CPU
	EndGlobalSection
	GlobalSection(SolutionProperties) = preSolution
		HideSolutionNode = FALSE
	EndGlobalSection
EndGlobal
